
Microsoft Visual Studio Solution File, Format Version 12.00
# Visual Studio Version 17
VisualStudioVersion = 17.10.34916.146
MinimumVisualStudioVersion = 10.0.40219.1
Project("{FAE04EC0-301F-11D3-BF4B-00C04F79EFBC}") = "BasicsOfC#", "BasicsOfC#.csproj", "{1D48FB69-2320-47FD-B562-072D154C1FE1}"
EndProject
Global
	GlobalSection(SolutionConfigurationPlatforms) = preSolution
		Debug|Any CPU = Debug|Any CPU
		Release|Any CPU = Release|Any CPU
	EndGlobalSection
	GlobalSection(ProjectConfigurationPlatforms) = postSolution
		{1D48FB69-2320-47FD-B562-072D154C1FE1}.Debug|Any CPU.ActiveCfg = Debug|Any CPU
		{1D48FB69-2320-47FD-B562-072D154C1FE1}.Debug|Any CPU.Build.0 = Debug|Any CPU
		{1D48FB69-2320-47FD-B562-072D154C1FE1}.Release|Any CPU.ActiveCfg = Release|Any CPU
		{1D48FB69-2320-47FD-B562-072D154C1FE1}.Release|Any CPU.Build.0 = Release|Any CPU
	EndGlobalSection
	GlobalSection(SolutionProperties) = preSolution
		HideSolutionNode = FALSE
	EndGlobalSection
	GlobalSection(ExtensibilityGlobals) = postSolution
		SolutionGuid = {B1F62973-FCF6-4E13-838C-FD977263A722}
	EndGlobalSection
EndGlobal
